
Microsoft Visual Studio Solution File, Format Version 12.00
# Visual Studio 15
VisualStudioVersion = 15.0.27703.2042
MinimumVisualStudioVersion = 10.0.40219.1
Project("{FAE04EC0-301F-11D3-BF4B-00C04F79EFBC}") = "PowerSource", "PowerSource\PowerSource.csproj", "{3314A93C-75B8-480F-B6A8-3B169483680B}"
EndProject
Global
	GlobalSection(SolutionConfigurationPlatforms) = preSolution
		Debug|Any CPU = Debug|Any CPU
		Release|Any CPU = Release|Any CPU
	EndGlobalSection
	GlobalSection(ProjectConfigurationPlatforms) = postSolution
		{3314A93C-75B8-480F-B6A8-3B169483680B}.Debug|Any CPU.ActiveCfg = Debug|Any CPU
		{3314A93C-75B8-480F-B6A8-3B169483680B}.Debug|Any CPU.Build.0 = Debug|Any CPU
		{3314A93C-75B8-480F-B6A8-3B169483680B}.Release|Any CPU.ActiveCfg = Release|Any CPU
		{3314A93C-75B8-480F-B6A8-3B169483680B}.Release|Any CPU.Build.0 = Release|Any CPU
	EndGlobalSection
	GlobalSection(SolutionProperties) = preSolution
		HideSolutionNode = FALSE
	EndGlobalSection
	GlobalSection(ExtensibilityGlobals) = postSolution
		SolutionGuid = {0A0F8DC9-2025-461C-A737-6C54504C4082}
	EndGlobalSection
EndGlobal
