
Microsoft Visual Studio Solution File, Format Version 12.00
# Visual Studio 15
VisualStudioVersion = 15.0.27703.2042
MinimumVisualStudioVersion = 10.0.40219.1
Project("{FAE04EC0-301F-11D3-BF4B-00C04F79EFBC}") = "Assets", "Assets\Assets.csproj", "{2EFD5F70-53ED-4231-9688-1001BA1BE930}"
EndProject
Global
	GlobalSection(SolutionConfigurationPlatforms) = preSolution
		Debug|Any CPU = Debug|Any CPU
		Release|Any CPU = Release|Any CPU
	EndGlobalSection
	GlobalSection(ProjectConfigurationPlatforms) = postSolution
		{2EFD5F70-53ED-4231-9688-1001BA1BE930}.Debug|Any CPU.ActiveCfg = Debug|Any CPU
		{2EFD5F70-53ED-4231-9688-1001BA1BE930}.Debug|Any CPU.Build.0 = Debug|Any CPU
		{2EFD5F70-53ED-4231-9688-1001BA1BE930}.Release|Any CPU.ActiveCfg = Release|Any CPU
		{2EFD5F70-53ED-4231-9688-1001BA1BE930}.Release|Any CPU.Build.0 = Release|Any CPU
	EndGlobalSection
	GlobalSection(SolutionProperties) = preSolution
		HideSolutionNode = FALSE
	EndGlobalSection
	GlobalSection(ExtensibilityGlobals) = postSolution
		SolutionGuid = {CACB7B8B-E1C8-4941-8242-99345B212F04}
	EndGlobalSection
EndGlobal
