
Microsoft Visual Studio Solution File, Format Version 12.00
# Visual Studio 15
Project("{FAE04EC0-301F-11D3-BF4B-00C04F79EFBC}") = "UFO200", "UFO200.csproj", "{7F44D792-A6CA-C0C2-64B7-6D412BF7F80B}"
EndProject
Project("{FAE04EC0-301F-11D3-BF4B-00C04F79EFBC}") = "UFO200.Editor", "UFO200.Editor.csproj", "{650141FE-CBC0-34FB-2A02-4213A2ADF0CF}"
EndProject
Global
	GlobalSection(SolutionConfigurationPlatforms) = preSolution
		Debug|Any CPU = Debug|Any CPU
		Release|Any CPU = Release|Any CPU
	EndGlobalSection
	GlobalSection(ProjectConfigurationPlatforms) = postSolution
		{7F44D792-A6CA-C0C2-64B7-6D412BF7F80B}.Debug|Any CPU.ActiveCfg = Debug|Any CPU
		{7F44D792-A6CA-C0C2-64B7-6D412BF7F80B}.Debug|Any CPU.Build.0 = Debug|Any CPU
		{7F44D792-A6CA-C0C2-64B7-6D412BF7F80B}.Release|Any CPU.ActiveCfg = Release|Any CPU
		{7F44D792-A6CA-C0C2-64B7-6D412BF7F80B}.Release|Any CPU.Build.0 = Release|Any CPU
		{650141FE-CBC0-34FB-2A02-4213A2ADF0CF}.Debug|Any CPU.ActiveCfg = Debug|Any CPU
		{650141FE-CBC0-34FB-2A02-4213A2ADF0CF}.Debug|Any CPU.Build.0 = Debug|Any CPU
		{650141FE-CBC0-34FB-2A02-4213A2ADF0CF}.Release|Any CPU.ActiveCfg = Release|Any CPU
		{650141FE-CBC0-34FB-2A02-4213A2ADF0CF}.Release|Any CPU.Build.0 = Release|Any CPU
	EndGlobalSection
	GlobalSection(SolutionProperties) = preSolution
		HideSolutionNode = FALSE
	EndGlobalSection
EndGlobal
