
Microsoft Visual Studio Solution File, Format Version 12.00
# Visual Studio 15
VisualStudioVersion = 15.0.27703.2042
MinimumVisualStudioVersion = 10.0.40219.1
Project("{FAE04EC0-301F-11D3-BF4B-00C04F79EFBC}") = "ComponentsFarming", "ComponentsFarming\ComponentsFarming.csproj", "{AFE43722-05CC-465E-BBF6-9D2291B98210}"
EndProject
Global
	GlobalSection(SolutionConfigurationPlatforms) = preSolution
		Debug|Any CPU = Debug|Any CPU
		Release|Any CPU = Release|Any CPU
	EndGlobalSection
	GlobalSection(ProjectConfigurationPlatforms) = postSolution
		{AFE43722-05CC-465E-BBF6-9D2291B98210}.Debug|Any CPU.ActiveCfg = Debug|Any CPU
		{AFE43722-05CC-465E-BBF6-9D2291B98210}.Debug|Any CPU.Build.0 = Debug|Any CPU
		{AFE43722-05CC-465E-BBF6-9D2291B98210}.Release|Any CPU.ActiveCfg = Release|Any CPU
		{AFE43722-05CC-465E-BBF6-9D2291B98210}.Release|Any CPU.Build.0 = Release|Any CPU
	EndGlobalSection
	GlobalSection(SolutionProperties) = preSolution
		HideSolutionNode = FALSE
	EndGlobalSection
	GlobalSection(ExtensibilityGlobals) = postSolution
		SolutionGuid = {A46E2C07-5DAF-40A5-8E0A-8BDC223EEF72}
	EndGlobalSection
EndGlobal
